
Microsoft Visual Studio Solution File, Format Version 12.00
# Visual Studio 15
VisualStudioVersion = 15.0.27703.2026
MinimumVisualStudioVersion = 10.0.40219.1
Project("{FAE04EC0-301F-11D3-BF4B-00C04F79EFBC}") = "MarcosSimulaciónRenta", "MarcosSimulaciónRenta\MarcosSimulaciónRenta.csproj", "{0A159F8F-A6E4-4DCF-91E1-700A6B4994D0}"
EndProject
Global
	GlobalSection(SolutionConfigurationPlatforms) = preSolution
		Debug|Any CPU = Debug|Any CPU
		Release|Any CPU = Release|Any CPU
	EndGlobalSection
	GlobalSection(ProjectConfigurationPlatforms) = postSolution
		{0A159F8F-A6E4-4DCF-91E1-700A6B4994D0}.Debug|Any CPU.ActiveCfg = Debug|Any CPU
		{0A159F8F-A6E4-4DCF-91E1-700A6B4994D0}.Debug|Any CPU.Build.0 = Debug|Any CPU
		{0A159F8F-A6E4-4DCF-91E1-700A6B4994D0}.Release|Any CPU.ActiveCfg = Release|Any CPU
		{0A159F8F-A6E4-4DCF-91E1-700A6B4994D0}.Release|Any CPU.Build.0 = Release|Any CPU
	EndGlobalSection
	GlobalSection(SolutionProperties) = preSolution
		HideSolutionNode = FALSE
	EndGlobalSection
	GlobalSection(ExtensibilityGlobals) = postSolution
		SolutionGuid = {2553C823-1CCF-4A31-AE66-6E539F6F0E4D}
	EndGlobalSection
EndGlobal
